{
  "nodes": {
    "hm-pinned": {
      "inputs": {
        "nixpkgs": [
          "pkgs-pinned"
        ]
      },
      "locked": {
        "lastModified": 1706981411,
        "narHash": "sha256-cLbLPTL1CDmETVh4p0nQtvoF+FSEjsnJTFpTxhXywhQ=",
        "owner": "nix-community",
        "repo": "home-manager",
        "rev": "652fda4ca6dafeb090943422c34ae9145787af37",
        "type": "github"
      },
      "original": {
        "owner": "nix-community",
        "repo": "home-manager",
        "rev": "652fda4ca6dafeb090943422c34ae9145787af37",
        "type": "github"
      }
    },
    "hm-stable": {
      "inputs": {
        "nixpkgs": [
          "pkgs-stable"
        ]
      },
      "locked": {
        "lastModified": 1714043624,
        "narHash": "sha256-Xn2r0Jv95TswvPlvamCC46wwNo8ALjRCMBJbGykdhcM=",
        "owner": "nix-community",
        "repo": "home-manager",
        "rev": "86853e31dc1b62c6eeed11c667e8cdd0285d4411",
        "type": "github"
      },
      "original": {
        "owner": "nix-community",
        "ref": "release-23.11",
        "repo": "home-manager",
        "type": "github"
      }
    },
    "hm-unstable": {
      "inputs": {
        "nixpkgs": [
          "pkgs-unstable"
        ]
      },
      "locked": {
        "lastModified": 1714042918,
        "narHash": "sha256-4AItZA3EQIiSNAxliuYEJumw/LaVfrMv84gYyrs0r3U=",
        "owner": "nix-community",
        "repo": "home-manager",
        "rev": "0c5704eceefcb7bb238a958f532a86e3b59d76db",
        "type": "github"
      },
      "original": {
        "owner": "nix-community",
        "repo": "home-manager",
        "type": "github"
      }
    },
    "pkgs-pinned": {
      "locked": {
        "lastModified": 1709309926,
        "narHash": "sha256-VZFBtXGVD9LWTecGi6eXrE0hJ/mVB3zGUlHImUs2Qak=",
        "owner": "NixOS",
        "repo": "nixpkgs",
        "rev": "79baff8812a0d68e24a836df0a364c678089e2c7",
        "type": "github"
      },
      "original": {
        "id": "nixpkgs",
        "rev": "79baff8812a0d68e24a836df0a364c678089e2c7",
        "type": "indirect"
      }
    },
    "pkgs-stable": {
      "locked": {
        "lastModified": 1713995372,
        "narHash": "sha256-fFE3M0vCoiSwCX02z8VF58jXFRj9enYUSTqjyHAjrds=",
        "owner": "NixOS",
        "repo": "nixpkgs",
        "rev": "dd37924974b9202f8226ed5d74a252a9785aedf8",
        "type": "github"
      },
      "original": {
        "id": "nixpkgs",
        "ref": "nixos-23.11",
        "type": "indirect"
      }
    },
    "pkgs-unstable": {
      "locked": {
        "lastModified": 1713895582,
        "narHash": "sha256-cfh1hi+6muQMbi9acOlju3V1gl8BEaZBXBR9jQfQi4U=",
        "owner": "NixOS",
        "repo": "nixpkgs",
        "rev": "572af610f6151fd41c212f897c71f7056e3fb518",
        "type": "github"
      },
      "original": {
        "id": "nixpkgs",
        "ref": "nixos-unstable",
        "type": "indirect"
      }
    },
    "root": {
      "inputs": {
        "hm-pinned": "hm-pinned",
        "hm-stable": "hm-stable",
        "hm-unstable": "hm-unstable",
        "pkgs-pinned": "pkgs-pinned",
        "pkgs-stable": "pkgs-stable",
        "pkgs-unstable": "pkgs-unstable"
      }
    }
  },
  "root": "root",
  "version": 7
}
